
Microsoft Visual Studio Solution File, Format Version 12.00
# Visual Studio Version 17
VisualStudioVersion = 17.7.34031.279
MinimumVisualStudioVersion = 10.0.40219.1
Project("{FAE04EC0-301F-11D3-BF4B-00C04F79EFBC}") = "WinFormApp_2", "WinFormApp_2.csproj", "{EBF10EB6-3916-43E6-9408-A06F46B32363}"
EndProject
Global
	GlobalSection(SolutionConfigurationPlatforms) = preSolution
		Debug|Any CPU = Debug|Any CPU
		Release|Any CPU = Release|Any CPU
	EndGlobalSection
	GlobalSection(ProjectConfigurationPlatforms) = postSolution
		{EBF10EB6-3916-43E6-9408-A06F46B32363}.Debug|Any CPU.ActiveCfg = Debug|Any CPU
		{EBF10EB6-3916-43E6-9408-A06F46B32363}.Debug|Any CPU.Build.0 = Debug|Any CPU
		{EBF10EB6-3916-43E6-9408-A06F46B32363}.Release|Any CPU.ActiveCfg = Release|Any CPU
		{EBF10EB6-3916-43E6-9408-A06F46B32363}.Release|Any CPU.Build.0 = Release|Any CPU
	EndGlobalSection
	GlobalSection(SolutionProperties) = preSolution
		HideSolutionNode = FALSE
	EndGlobalSection
	GlobalSection(ExtensibilityGlobals) = postSolution
		SolutionGuid = {E81B355B-4E11-484F-85FE-D9C14C023A1F}
	EndGlobalSection
EndGlobal
